
Microsoft Visual Studio Solution File, Format Version 12.00
# Visual Studio Version 17
VisualStudioVersion = 17.0.31903.59
MinimumVisualStudioVersion = 10.0.40219.1
Project("{2150E333-8FDC-42A3-9474-1A3956D46DE8}") = "src", "src", "{3E7FE95C-7DA7-4421-A59B-74768F66B715}"
EndProject
Project("{FAE04EC0-301F-11D3-BF4B-00C04F79EFBC}") = "CommanderAPI", "src\CommanderAPI\CommanderAPI.csproj", "{016D1937-9328-4E02-BE98-5A8D48339A30}"
EndProject
Project("{2150E333-8FDC-42A3-9474-1A3956D46DE8}") = "test", "test", "{866C2E39-57BE-4A42-8613-8241E8A3E1B9}"
EndProject
Project("{FAE04EC0-301F-11D3-BF4B-00C04F79EFBC}") = "CommanderAPI.Test", "test\CommanderAPI.Test\CommanderAPI.Test.csproj", "{BE50066F-D6ED-4543-8113-ABA9ACFC8598}"
EndProject
Global
	GlobalSection(SolutionConfigurationPlatforms) = preSolution
		Debug|Any CPU = Debug|Any CPU
		Release|Any CPU = Release|Any CPU
	EndGlobalSection
	GlobalSection(SolutionProperties) = preSolution
		HideSolutionNode = FALSE
	EndGlobalSection
	GlobalSection(ProjectConfigurationPlatforms) = postSolution
		{016D1937-9328-4E02-BE98-5A8D48339A30}.Debug|Any CPU.ActiveCfg = Debug|Any CPU
		{016D1937-9328-4E02-BE98-5A8D48339A30}.Debug|Any CPU.Build.0 = Debug|Any CPU
		{016D1937-9328-4E02-BE98-5A8D48339A30}.Release|Any CPU.ActiveCfg = Release|Any CPU
		{016D1937-9328-4E02-BE98-5A8D48339A30}.Release|Any CPU.Build.0 = Release|Any CPU
		{BE50066F-D6ED-4543-8113-ABA9ACFC8598}.Debug|Any CPU.ActiveCfg = Debug|Any CPU
		{BE50066F-D6ED-4543-8113-ABA9ACFC8598}.Debug|Any CPU.Build.0 = Debug|Any CPU
		{BE50066F-D6ED-4543-8113-ABA9ACFC8598}.Release|Any CPU.ActiveCfg = Release|Any CPU
		{BE50066F-D6ED-4543-8113-ABA9ACFC8598}.Release|Any CPU.Build.0 = Release|Any CPU
	EndGlobalSection
	GlobalSection(NestedProjects) = preSolution
		{016D1937-9328-4E02-BE98-5A8D48339A30} = {3E7FE95C-7DA7-4421-A59B-74768F66B715}
		{BE50066F-D6ED-4543-8113-ABA9ACFC8598} = {866C2E39-57BE-4A42-8613-8241E8A3E1B9}
	EndGlobalSection
EndGlobal
